
Microsoft Visual Studio Solution File, Format Version 12.00
# Visual Studio Version 16
VisualStudioVersion = 16.0.29806.167
MinimumVisualStudioVersion = 10.0.40219.1
Project("{9A19103F-16F7-4668-BE54-9A1E7A4F7556}") = "Introduction", "Introduction\Introduction.csproj", "{57B82BC8-F753-47C4-907D-AC7DF8156456}"
EndProject
Project("{9A19103F-16F7-4668-BE54-9A1E7A4F7556}") = "Features", "Features\Features.csproj", "{73244807-1601-4006-989C-1E86B0D8375E}"
EndProject
Project("{9A19103F-16F7-4668-BE54-9A1E7A4F7556}") = "Queries", "Queries\Queries.csproj", "{B1A46187-E3C7-47D1-99EF-AE60CB90A2ED}"
EndProject
Project("{FAE04EC0-301F-11D3-BF4B-00C04F79EFBC}") = "Cars", "Cars\Cars.csproj", "{8B77E5B9-D4D2-4BA5-8FC3-B482635F8F0B}"
EndProject
Global
	GlobalSection(SolutionConfigurationPlatforms) = preSolution
		Debug|Any CPU = Debug|Any CPU
		Release|Any CPU = Release|Any CPU
	EndGlobalSection
	GlobalSection(ProjectConfigurationPlatforms) = postSolution
		{57B82BC8-F753-47C4-907D-AC7DF8156456}.Debug|Any CPU.ActiveCfg = Debug|Any CPU
		{57B82BC8-F753-47C4-907D-AC7DF8156456}.Debug|Any CPU.Build.0 = Debug|Any CPU
		{57B82BC8-F753-47C4-907D-AC7DF8156456}.Release|Any CPU.ActiveCfg = Release|Any CPU
		{57B82BC8-F753-47C4-907D-AC7DF8156456}.Release|Any CPU.Build.0 = Release|Any CPU
		{73244807-1601-4006-989C-1E86B0D8375E}.Debug|Any CPU.ActiveCfg = Debug|Any CPU
		{73244807-1601-4006-989C-1E86B0D8375E}.Debug|Any CPU.Build.0 = Debug|Any CPU
		{73244807-1601-4006-989C-1E86B0D8375E}.Release|Any CPU.ActiveCfg = Release|Any CPU
		{73244807-1601-4006-989C-1E86B0D8375E}.Release|Any CPU.Build.0 = Release|Any CPU
		{B1A46187-E3C7-47D1-99EF-AE60CB90A2ED}.Debug|Any CPU.ActiveCfg = Debug|Any CPU
		{B1A46187-E3C7-47D1-99EF-AE60CB90A2ED}.Debug|Any CPU.Build.0 = Debug|Any CPU
		{B1A46187-E3C7-47D1-99EF-AE60CB90A2ED}.Release|Any CPU.ActiveCfg = Release|Any CPU
		{B1A46187-E3C7-47D1-99EF-AE60CB90A2ED}.Release|Any CPU.Build.0 = Release|Any CPU
		{8B77E5B9-D4D2-4BA5-8FC3-B482635F8F0B}.Debug|Any CPU.ActiveCfg = Debug|Any CPU
		{8B77E5B9-D4D2-4BA5-8FC3-B482635F8F0B}.Debug|Any CPU.Build.0 = Debug|Any CPU
		{8B77E5B9-D4D2-4BA5-8FC3-B482635F8F0B}.Release|Any CPU.ActiveCfg = Release|Any CPU
		{8B77E5B9-D4D2-4BA5-8FC3-B482635F8F0B}.Release|Any CPU.Build.0 = Release|Any CPU
	EndGlobalSection
	GlobalSection(SolutionProperties) = preSolution
		HideSolutionNode = FALSE
	EndGlobalSection
	GlobalSection(ExtensibilityGlobals) = postSolution
		SolutionGuid = {40A0CFD8-694A-4AB8-B0DE-F01FE376A49D}
	EndGlobalSection
EndGlobal
